
Microsoft Visual Studio Solution File, Format Version 12.00
# Visual Studio Version 17
VisualStudioVersion = 17.5.33530.505
MinimumVisualStudioVersion = 10.0.40219.1
Project("{9A19103F-16F7-4668-BE54-9A1E7A4F7556}") = "ITS.PW2023.Simulator", "ITS.PW2023.Simulator\ITS.PW2023.Simulator.csproj", "{4E4C295F-F096-4580-88FE-5E852641A518}"
EndProject
Project("{54A90642-561A-4BB1-A94E-469ADEE60C69}") = "its.pw2023.appweb", "ITS.PW2023.AppWeb\its.pw2023.appweb.esproj", "{633CED74-6BD8-4129-A364-EAAA99897F95}"
EndProject
Project("{9A19103F-16F7-4668-BE54-9A1E7A4F7556}") = "ITS.PW2023.API", "ITS.PW2023.API\ITS.PW2023.API.csproj", "{32567749-2F8E-4116-8264-60D47004633F}"
EndProject
Project("{FAE04EC0-301F-11D3-BF4B-00C04F79EFBC}") = "ITS.PW2023.TestSimulator", "ITS.PW2023.TestSimulator\ITS.PW2023.TestSimulator.csproj", "{ADFD86EA-7CF2-48BB-B1F2-05551C8DB112}"
EndProject
Global
	GlobalSection(SolutionConfigurationPlatforms) = preSolution
		Debug|Any CPU = Debug|Any CPU
		Release|Any CPU = Release|Any CPU
	EndGlobalSection
	GlobalSection(ProjectConfigurationPlatforms) = postSolution
		{4E4C295F-F096-4580-88FE-5E852641A518}.Debug|Any CPU.ActiveCfg = Debug|Any CPU
		{4E4C295F-F096-4580-88FE-5E852641A518}.Debug|Any CPU.Build.0 = Debug|Any CPU
		{4E4C295F-F096-4580-88FE-5E852641A518}.Release|Any CPU.ActiveCfg = Release|Any CPU
		{4E4C295F-F096-4580-88FE-5E852641A518}.Release|Any CPU.Build.0 = Release|Any CPU
		{633CED74-6BD8-4129-A364-EAAA99897F95}.Debug|Any CPU.ActiveCfg = Debug|Any CPU
		{633CED74-6BD8-4129-A364-EAAA99897F95}.Debug|Any CPU.Build.0 = Debug|Any CPU
		{633CED74-6BD8-4129-A364-EAAA99897F95}.Debug|Any CPU.Deploy.0 = Debug|Any CPU
		{633CED74-6BD8-4129-A364-EAAA99897F95}.Release|Any CPU.ActiveCfg = Release|Any CPU
		{633CED74-6BD8-4129-A364-EAAA99897F95}.Release|Any CPU.Build.0 = Release|Any CPU
		{633CED74-6BD8-4129-A364-EAAA99897F95}.Release|Any CPU.Deploy.0 = Release|Any CPU
		{32567749-2F8E-4116-8264-60D47004633F}.Debug|Any CPU.ActiveCfg = Debug|Any CPU
		{32567749-2F8E-4116-8264-60D47004633F}.Debug|Any CPU.Build.0 = Debug|Any CPU
		{32567749-2F8E-4116-8264-60D47004633F}.Release|Any CPU.ActiveCfg = Release|Any CPU
		{32567749-2F8E-4116-8264-60D47004633F}.Release|Any CPU.Build.0 = Release|Any CPU
		{ADFD86EA-7CF2-48BB-B1F2-05551C8DB112}.Debug|Any CPU.ActiveCfg = Debug|Any CPU
		{ADFD86EA-7CF2-48BB-B1F2-05551C8DB112}.Debug|Any CPU.Build.0 = Debug|Any CPU
		{ADFD86EA-7CF2-48BB-B1F2-05551C8DB112}.Release|Any CPU.ActiveCfg = Release|Any CPU
		{ADFD86EA-7CF2-48BB-B1F2-05551C8DB112}.Release|Any CPU.Build.0 = Release|Any CPU
	EndGlobalSection
	GlobalSection(SolutionProperties) = preSolution
		HideSolutionNode = FALSE
	EndGlobalSection
	GlobalSection(ExtensibilityGlobals) = postSolution
		SolutionGuid = {AF6FDBE6-44DA-4009-AF60-A9000764B543}
	EndGlobalSection
EndGlobal
